
Microsoft Visual Studio Solution File, Format Version 12.00
# Visual Studio Version 17
VisualStudioVersion = 17.10.35122.118
MinimumVisualStudioVersion = 10.0.40219.1
Project("{FAE04EC0-301F-11D3-BF4B-00C04F79EFBC}") = "EditorHTML", "EditorHTML\EditorHTML.csproj", "{20C9ED9E-2D1A-4529-91E6-805E9646D3E8}"
EndProject
Global
	GlobalSection(SolutionConfigurationPlatforms) = preSolution
		Debug|Any CPU = Debug|Any CPU
		Release|Any CPU = Release|Any CPU
	EndGlobalSection
	GlobalSection(ProjectConfigurationPlatforms) = postSolution
		{20C9ED9E-2D1A-4529-91E6-805E9646D3E8}.Debug|Any CPU.ActiveCfg = Debug|Any CPU
		{20C9ED9E-2D1A-4529-91E6-805E9646D3E8}.Debug|Any CPU.Build.0 = Debug|Any CPU
		{20C9ED9E-2D1A-4529-91E6-805E9646D3E8}.Release|Any CPU.ActiveCfg = Release|Any CPU
		{20C9ED9E-2D1A-4529-91E6-805E9646D3E8}.Release|Any CPU.Build.0 = Release|Any CPU
	EndGlobalSection
	GlobalSection(SolutionProperties) = preSolution
		HideSolutionNode = FALSE
	EndGlobalSection
	GlobalSection(ExtensibilityGlobals) = postSolution
		SolutionGuid = {3E96B263-E4BE-4A71-91EA-1B4C814424B6}
	EndGlobalSection
EndGlobal
